// !$*UTF8*$!
{
	archiveVersion = 1;
	classes = {
	};
	objectVersion = 50;
	objects = {

/* Begin PBXBuildFile section */
		84465F3C268D02EF002579DC /* AppDelegate.swift in Sources */ = {isa = PBXBuildFile; fileRef = 84465F3B268D02EF002579DC /* AppDelegate.swift */; };
		84465F3E268D02EF002579DC /* SceneDelegate.swift in Sources */ = {isa = PBXBuildFile; fileRef = 84465F3D268D02EF002579DC /* SceneDelegate.swift */; };
		84465F40268D02EF002579DC /* ViewController.swift in Sources */ = {isa = PBXBuildFile; fileRef = 84465F3F268D02EF002579DC /* ViewController.swift */; };
		84465F43268D02EF002579DC /* Main.storyboard in Resources */ = {isa = PBXBuildFile; fileRef = 84465F41268D02EF002579DC /* Main.storyboard */; };
		84465F45268D02F0002579DC /* Assets.xcassets in Resources */ = {isa = PBXBuildFile; fileRef = 84465F44268D02F0002579DC /* Assets.xcassets */; };
		84465F48268D02F0002579DC /* LaunchScreen.storyboard in Resources */ = {isa = PBXBuildFile; fileRef = 84465F46268D02F0002579DC /* LaunchScreen.storyboard */; };
		84465F50268D30B5002579DC /* MovieTableViewCell.swift in Sources */ = {isa = PBXBuildFile; fileRef = 84465F4F268D30B5002579DC /* MovieTableViewCell.swift */; };
		84465F55268D36D8002579DC /* Movie.swift in Sources */ = {isa = PBXBuildFile; fileRef = 84465F54268D36D8002579DC /* Movie.swift */; };
		84465F57268D37AD002579DC /* Genre.swift in Sources */ = {isa = PBXBuildFile; fileRef = 84465F56268D37AD002579DC /* Genre.swift */; };
/* End PBXBuildFile section */

/* Begin PBXFileReference section */
		84465F38268D02EF002579DC /* TheMovieDB.app */ = {isa = PBXFileReference; explicitFileType = wrapper.application; includeInIndex = 0; path = TheMovieDB.app; sourceTree = BUILT_PRODUCTS_DIR; };
		84465F3B268D02EF002579DC /* AppDelegate.swift */ = {isa = PBXFileReference; lastKnownFileType = sourcecode.swift; path = AppDelegate.swift; sourceTree = "<group>"; };
		84465F3D268D02EF002579DC /* SceneDelegate.swift */ = {isa = PBXFileReference; lastKnownFileType = sourcecode.swift; path = SceneDelegate.swift; sourceTree = "<group>"; };
		84465F3F268D02EF002579DC /* ViewController.swift */ = {isa = PBXFileReference; lastKnownFileType = sourcecode.swift; path = ViewController.swift; sourceTree = "<group>"; };
		84465F42268D02EF002579DC /* Base */ = {isa = PBXFileReference; lastKnownFileType = file.storyboard; name = Base; path = Base.lproj/Main.storyboard; sourceTree = "<group>"; };
		84465F44268D02F0002579DC /* Assets.xcassets */ = {isa = PBXFileReference; lastKnownFileType = folder.assetcatalog; path = Assets.xcassets; sourceTree = "<group>"; };
		84465F47268D02F0002579DC /* Base */ = {isa = PBXFileReference; lastKnownFileType = file.storyboard; name = Base; path = Base.lproj/LaunchScreen.storyboard; sourceTree = "<group>"; };
		84465F49268D02F0002579DC /* Info.plist */ = {isa = PBXFileReference; lastKnownFileType = text.plist.xml; path = Info.plist; sourceTree = "<group>"; };
		84465F4F268D30B5002579DC /* MovieTableViewCell.swift */ = {isa = PBXFileReference; lastKnownFileType = sourcecode.swift; path = MovieTableViewCell.swift; sourceTree = "<group>"; };
		84465F54268D36D8002579DC /* Movie.swift */ = {isa = PBXFileReference; lastKnownFileType = sourcecode.swift; path = Movie.swift; sourceTree = "<group>"; };
		84465F56268D37AD002579DC /* Genre.swift */ = {isa = PBXFileReference; lastKnownFileType = sourcecode.swift; path = Genre.swift; sourceTree = "<group>"; };
/* End PBXFileReference section */

/* Begin PBXFrameworksBuildPhase section */
		84465F35268D02EF002579DC /* Frameworks */ = {
			isa = PBXFrameworksBuildPhase;
			buildActionMask = 2147483647;
			files = (
			);
			runOnlyForDeploymentPostprocessing = 0;
		};
/* End PBXFrameworksBuildPhase section */

/* Begin PBXGroup section */
		84465F2F268D02EF002579DC = {
			isa = PBXGroup;
			children = (
				84465F3A268D02EF002579DC /* TheMovieDB */,
				84465F39268D02EF002579DC /* Products */,
			);
			sourceTree = "<group>";
		};
		84465F39268D02EF002579DC /* Products */ = {
			isa = PBXGroup;
			children = (
				84465F38268D02EF002579DC /* TheMovieDB.app */,
			);
			name = Products;
			sourceTree = "<group>";
		};
		84465F3A268D02EF002579DC /* TheMovieDB */ = {
			isa = PBXGroup;
			children = (
				84465F53268D3465002579DC /* Controller */,
				84465F52268D3460002579DC /* Model */,
				84465F51268D3459002579DC /* View */,
				84465F3B268D02EF002579DC /* AppDelegate.swift */,
				84465F3D268D02EF002579DC /* SceneDelegate.swift */,
				84465F44268D02F0002579DC /* Assets.xcassets */,
				84465F49268D02F0002579DC /* Info.plist */,
			);
			path = TheMovieDB;
			sourceTree = "<group>";
		};
		84465F51268D3459002579DC /* View */ = {
			isa = PBXGroup;
			children = (
				84465F4F268D30B5002579DC /* MovieTableViewCell.swift */,
				84465F46268D02F0002579DC /* LaunchScreen.storyboard */,
				84465F41268D02EF002579DC /* Main.storyboard */,
			);
			path = View;
			sourceTree = "<group>";
		};
		84465F52268D3460002579DC /* Model */ = {
			isa = PBXGroup;
			children = (
				84465F54268D36D8002579DC /* Movie.swift */,
				84465F56268D37AD002579DC /* Genre.swift */,
			);
			path = Model;
			sourceTree = "<group>";
		};
		84465F53268D3465002579DC /* Controller */ = {
			isa = PBXGroup;
			children = (
				84465F3F268D02EF002579DC /* ViewController.swift */,
			);
			path = Controller;
			sourceTree = "<group>";
		};
/* End PBXGroup section */

/* Begin PBXNativeTarget section */
		84465F37268D02EF002579DC /* TheMovieDB */ = {
			isa = PBXNativeTarget;
			buildConfigurationList = 84465F4C268D02F0002579DC /* Build configuration list for PBXNativeTarget "TheMovieDB" */;
			buildPhases = (
				84465F34268D02EF002579DC /* Sources */,
				84465F35268D02EF002579DC /* Frameworks */,
				84465F36268D02EF002579DC /* Resources */,
			);
			buildRules = (
			);
			dependencies = (
			);
			name = TheMovieDB;
			productName = TheMovieDB;
			productReference = 84465F38268D02EF002579DC /* TheMovieDB.app */;
			productType = "com.apple.product-type.application";
		};
/* End PBXNativeTarget section */

/* Begin PBXProject section */
		84465F30268D02EF002579DC /* Project object */ = {
			isa = PBXProject;
			attributes = {
				LastSwiftUpdateCheck = 1250;
				LastUpgradeCheck = 1250;
				TargetAttributes = {
					84465F37268D02EF002579DC = {
						CreatedOnToolsVersion = 12.5.1;
					};
				};
			};
			buildConfigurationList = 84465F33268D02EF002579DC /* Build configuration list for PBXProject "TheMovieDB" */;
			compatibilityVersion = "Xcode 9.3";
			developmentRegion = en;
			hasScannedForEncodings = 0;
			knownRegions = (
				en,
				Base,
			);
			mainGroup = 84465F2F268D02EF002579DC;
			productRefGroup = 84465F39268D02EF002579DC /* Products */;
			projectDirPath = "";
			projectRoot = "";
			targets = (
				84465F37268D02EF002579DC /* TheMovieDB */,
			);
		};
/* End PBXProject section */

/* Begin PBXResourcesBuildPhase section */
		84465F36268D02EF002579DC /* Resources */ = {
			isa = PBXResourcesBuildPhase;
			buildActionMask = 2147483647;
			files = (
				84465F48268D02F0002579DC /* LaunchScreen.storyboard in Resources */,
				84465F45268D02F0002579DC /* Assets.xcassets in Resources */,
				84465F43268D02EF002579DC /* Main.storyboard in Resources */,
			);
			runOnlyForDeploymentPostprocessing = 0;
		};
/* End PBXResourcesBuildPhase section */

/* Begin PBXSourcesBuildPhase section */
		84465F34268D02EF002579DC /* Sources */ = {
			isa = PBXSourcesBuildPhase;
			buildActionMask = 2147483647;
			files = (
				84465F40268D02EF002579DC /* ViewController.swift in Sources */,
				84465F3C268D02EF002579DC /* AppDelegate.swift in Sources */,
				84465F50268D30B5002579DC /* MovieTableViewCell.swift in Sources */,
				84465F57268D37AD002579DC /* Genre.swift in Sources */,
				84465F3E268D02EF002579DC /* SceneDelegate.swift in Sources */,
				84465F55268D36D8002579DC /* Movie.swift in Sources */,
			);
			runOnlyForDeploymentPostprocessing = 0;
		};
/* End PBXSourcesBuildPhase section */

/* Begin PBXVariantGroup section */
		84465F41268D02EF002579DC /* Main.storyboard */ = {
			isa = PBXVariantGroup;
			children = (
				84465F42268D02EF002579DC /* Base */,
			);
			name = Main.storyboard;
			sourceTree = "<group>";
		};
		84465F46268D02F0002579DC /* LaunchScreen.storyboard */ = {
			isa = PBXVariantGroup;
			children = (
				84465F47268D02F0002579DC /* Base */,
			);
			name = LaunchScreen.storyboard;
			sourceTree = "<group>";
		};
/* End PBXVariantGroup section */

/* Begin XCBuildConfiguration section */
		84465F4A268D02F0002579DC /* Debug */ = {
			isa = XCBuildConfiguration;
			buildSettings = {
				ALWAYS_SEARCH_USER_PATHS = NO;
				CLANG_ANALYZER_NONNULL = YES;
				CLANG_ANALYZER_NUMBER_OBJECT_CONVERSION = YES_AGGRESSIVE;
				CLANG_CXX_LANGUAGE_STANDARD = "gnu++14";
				CLANG_CXX_LIBRARY = "libc++";
				CLANG_ENABLE_MODULES = YES;
				CLANG_ENABLE_OBJC_ARC = YES;
				CLANG_ENABLE_OBJC_WEAK = YES;
				CLANG_WARN_BLOCK_CAPTURE_AUTORELEASING = YES;
				CLANG_WARN_BOOL_CONVERSION = YES;
				CLANG_WARN_COMMA = YES;
				CLANG_WARN_CONSTANT_CONVERSION = YES;
				CLANG_WARN_DEPRECATED_OBJC_IMPLEMENTATIONS = YES;
				CLANG_WARN_DIRECT_OBJC_ISA_USAGE = YES_ERROR;
				CLANG_WARN_DOCUMENTATION_COMMENTS = YES;
				CLANG_WARN_EMPTY_BODY = YES;
				CLANG_WARN_ENUM_CONVERSION = YES;
				CLANG_WARN_INFINITE_RECURSION = YES;
				CLANG_WARN_INT_CONVERSION = YES;
				CLANG_WARN_NON_LITERAL_NULL_CONVERSION = YES;
				CLANG_WARN_OBJC_IMPLICIT_RETAIN_SELF = YES;
				CLANG_WARN_OBJC_LITERAL_CONVERSION = YES;
				CLANG_WARN_OBJC_ROOT_CLASS = YES_ERROR;
				CLANG_WARN_QUOTED_INCLUDE_IN_FRAMEWORK_HEADER = YES;
				CLANG_WARN_RANGE_LOOP_ANALYSIS = YES;
				CLANG_WARN_STRICT_PROTOTYPES = YES;
				CLANG_WARN_SUSPICIOUS_MOVE = YES;
				CLANG_WARN_UNGUARDED_AVAILABILITY = YES_AGGRESSIVE;
				CLANG_WARN_UNREACHABLE_CODE = YES;
				CLANG_WARN__DUPLICATE_METHOD_MATCH = YES;
				COPY_PHASE_STRIP = NO;
				DEBUG_INFORMATION_FORMAT = dwarf;
				ENABLE_STRICT_OBJC_MSGSEND = YES;
				ENABLE_TESTABILITY = YES;
				GCC_C_LANGUAGE_STANDARD = gnu11;
				GCC_DYNAMIC_NO_PIC = NO;
				GCC_NO_COMMON_BLOCKS = YES;
				GCC_OPTIMIZATION_LEVEL = 0;
				GCC_PREPROCESSOR_DEFINITIONS = (
					"DEBUG=1",
					"$(inherited)",
				);
				GCC_WARN_64_TO_32_BIT_CONVERSION = YES;
				GCC_WARN_ABOUT_RETURN_TYPE = YES_ERROR;
				GCC_WARN_UNDECLARED_SELECTOR = YES;
				GCC_WARN_UNINITIALIZED_AUTOS = YES_AGGRESSIVE;
				GCC_WARN_UNUSED_FUNCTION = YES;
				GCC_WARN_UNUSED_VARIABLE = YES;
				IPHONEOS_DEPLOYMENT_TARGET = 14.5;
				MTL_ENABLE_DEBUG_INFO = INCLUDE_SOURCE;
				MTL_FAST_MATH = YES;
				ONLY_ACTIVE_ARCH = YES;
				SDKROOT = iphoneos;
				SWIFT_ACTIVE_COMPILATION_CONDITIONS = DEBUG;
				SWIFT_OPTIMIZATION_LEVEL = "-Onone";
			};
			name = Debug;
		};
		84465F4B268D02F0002579DC /* Release */ = {
			isa = XCBuildConfiguration;
			buildSettings = {
				ALWAYS_SEARCH_USER_PATHS = NO;
				CLANG_ANALYZER_NONNULL = YES;
				CLANG_ANALYZER_NUMBER_OBJECT_CONVERSION = YES_AGGRESSIVE;
				CLANG_CXX_LANGUAGE_STANDARD = "gnu++14";
				CLANG_CXX_LIBRARY = "libc++";
				CLANG_ENABLE_MODULES = YES;
				CLANG_ENABLE_OBJC_ARC = YES;
				CLANG_ENABLE_OBJC_WEAK = YES;
				CLANG_WARN_BLOCK_CAPTURE_AUTORELEASING = YES;
				CLANG_WARN_BOOL_CONVERSION = YES;
				CLANG_WARN_COMMA = YES;
				CLANG_WARN_CONSTANT_CONVERSION = YES;
				CLANG_WARN_DEPRECATED_OBJC_IMPLEMENTATIONS = YES;
				CLANG_WARN_DIRECT_OBJC_ISA_USAGE = YES_ERROR;
				CLANG_WARN_DOCUMENTATION_COMMENTS = YES;
				CLANG_WARN_EMPTY_BODY = YES;
				CLANG_WARN_ENUM_CONVERSION = YES;
				CLANG_WARN_INFINITE_RECURSION = YES;
				CLANG_WARN_INT_CONVERSION = YES;
				CLANG_WARN_NON_LITERAL_NULL_CONVERSION = YES;
				CLANG_WARN_OBJC_IMPLICIT_RETAIN_SELF = YES;
				CLANG_WARN_OBJC_LITERAL_CONVERSION = YES;
				CLANG_WARN_OBJC_ROOT_CLASS = YES_ERROR;
				CLANG_WARN_QUOTED_INCLUDE_IN_FRAMEWORK_HEADER = YES;
				CLANG_WARN_RANGE_LOOP_ANALYSIS = YES;
				CLANG_WARN_STRICT_PROTOTYPES = YES;
				CLANG_WARN_SUSPICIOUS_MOVE = YES;
				CLANG_WARN_UNGUARDED_AVAILABILITY = YES_AGGRESSIVE;
				CLANG_WARN_UNREACHABLE_CODE = YES;
				CLANG_WARN__DUPLICATE_METHOD_MATCH = YES;
				COPY_PHASE_STRIP = NO;
				DEBUG_INFORMATION_FORMAT = "dwarf-with-dsym";
				ENABLE_NS_ASSERTIONS = NO;
				ENABLE_STRICT_OBJC_MSGSEND = YES;
				GCC_C_LANGUAGE_STANDARD = gnu11;
				GCC_NO_COMMON_BLOCKS = YES;
				GCC_WARN_64_TO_32_BIT_CONVERSION = YES;
				GCC_WARN_ABOUT_RETURN_TYPE = YES_ERROR;
				GCC_WARN_UNDECLARED_SELECTOR = YES;
				GCC_WARN_UNINITIALIZED_AUTOS = YES_AGGRESSIVE;
				GCC_WARN_UNUSED_FUNCTION = YES;
				GCC_WARN_UNUSED_VARIABLE = YES;
				IPHONEOS_DEPLOYMENT_TARGET = 14.5;
				MTL_ENABLE_DEBUG_INFO = NO;
				MTL_FAST_MATH = YES;
				SDKROOT = iphoneos;
				SWIFT_COMPILATION_MODE = wholemodule;
				SWIFT_OPTIMIZATION_LEVEL = "-O";
				VALIDATE_PRODUCT = YES;
			};
			name = Release;
		};
		84465F4D268D02F0002579DC /* Debug */ = {
			isa = XCBuildConfiguration;
			buildSettings = {
				ASSETCATALOG_COMPILER_APPICON_NAME = AppIcon;
				ASSETCATALOG_COMPILER_GLOBAL_ACCENT_COLOR_NAME = AccentColor;
				CODE_SIGN_STYLE = Automatic;
				DEVELOPMENT_TEAM = 8HS35WKYD8;
				INFOPLIST_FILE = TheMovieDB/Info.plist;
				LD_RUNPATH_SEARCH_PATHS = (
					"$(inherited)",
					"@executable_path/Frameworks",
				);
				PRODUCT_BUNDLE_IDENTIFIER = joaoCervo.TheMovieDB;
				PRODUCT_NAME = "$(TARGET_NAME)";
				SWIFT_VERSION = 5.0;
				TARGETED_DEVICE_FAMILY = "1,2";
			};
			name = Debug;
		};
		84465F4E268D02F0002579DC /* Release */ = {
			isa = XCBuildConfiguration;
			buildSettings = {
				ASSETCATALOG_COMPILER_APPICON_NAME = AppIcon;
				ASSETCATALOG_COMPILER_GLOBAL_ACCENT_COLOR_NAME = AccentColor;
				CODE_SIGN_STYLE = Automatic;
				DEVELOPMENT_TEAM = 8HS35WKYD8;
				INFOPLIST_FILE = TheMovieDB/Info.plist;
				LD_RUNPATH_SEARCH_PATHS = (
					"$(inherited)",
					"@executable_path/Frameworks",
				);
				PRODUCT_BUNDLE_IDENTIFIER = joaoCervo.TheMovieDB;
				PRODUCT_NAME = "$(TARGET_NAME)";
				SWIFT_VERSION = 5.0;
				TARGETED_DEVICE_FAMILY = "1,2";
			};
			name = Release;
		};
/* End XCBuildConfiguration section */

/* Begin XCConfigurationList section */
		84465F33268D02EF002579DC /* Build configuration list for PBXProject "TheMovieDB" */ = {
			isa = XCConfigurationList;
			buildConfigurations = (
				84465F4A268D02F0002579DC /* Debug */,
				84465F4B268D02F0002579DC /* Release */,
			);
			defaultConfigurationIsVisible = 0;
			defaultConfigurationName = Release;
		};
		84465F4C268D02F0002579DC /* Build configuration list for PBXNativeTarget "TheMovieDB" */ = {
			isa = XCConfigurationList;
			buildConfigurations = (
				84465F4D268D02F0002579DC /* Debug */,
				84465F4E268D02F0002579DC /* Release */,
			);
			defaultConfigurationIsVisible = 0;
			defaultConfigurationName = Release;
		};
/* End XCConfigurationList section */
	};
	rootObject = 84465F30268D02EF002579DC /* Project object */;
}
